
Microsoft Visual Studio Solution File, Format Version 12.00
# Visual Studio 14
VisualStudioVersion = 14.0.25123.0
MinimumVisualStudioVersion = 10.0.40219.1
Project("{FAE04EC0-301F-11D3-BF4B-00C04F79EFBC}") = "Seguranca.Entidades", "Seguranca.Entidades\Seguranca.Entidades.csproj", "{22538DE5-4C4F-4BA4-88E1-EBD4128E9779}"
EndProject
Project("{FAE04EC0-301F-11D3-BF4B-00C04F79EFBC}") = "Seguranca.Controller", "Seguranca.Controller\Seguranca.Controller.csproj", "{88E2C1AA-32D6-4A9A-8175-9591DC0E948E}"
EndProject
Project("{FAE04EC0-301F-11D3-BF4B-00C04F79EFBC}") = "Seguranca", "Seguranca\Seguranca.csproj", "{113A4AF8-E41F-45AB-BF3C-FF17A9E6BA77}"
EndProject
Project("{FAE04EC0-301F-11D3-BF4B-00C04F79EFBC}") = "SegurancaComand", "SegurencaComand\SegurancaComand.csproj", "{88E28F66-2C50-472F-931F-207024D123EB}"
EndProject
Global
	GlobalSection(SolutionConfigurationPlatforms) = preSolution
		Debug|Any CPU = Debug|Any CPU
		Release|Any CPU = Release|Any CPU
	EndGlobalSection
	GlobalSection(ProjectConfigurationPlatforms) = postSolution
		{22538DE5-4C4F-4BA4-88E1-EBD4128E9779}.Debug|Any CPU.ActiveCfg = Debug|Any CPU
		{22538DE5-4C4F-4BA4-88E1-EBD4128E9779}.Debug|Any CPU.Build.0 = Debug|Any CPU
		{22538DE5-4C4F-4BA4-88E1-EBD4128E9779}.Release|Any CPU.ActiveCfg = Release|Any CPU
		{22538DE5-4C4F-4BA4-88E1-EBD4128E9779}.Release|Any CPU.Build.0 = Release|Any CPU
		{88E2C1AA-32D6-4A9A-8175-9591DC0E948E}.Debug|Any CPU.ActiveCfg = Debug|Any CPU
		{88E2C1AA-32D6-4A9A-8175-9591DC0E948E}.Debug|Any CPU.Build.0 = Debug|Any CPU
		{88E2C1AA-32D6-4A9A-8175-9591DC0E948E}.Release|Any CPU.ActiveCfg = Release|Any CPU
		{88E2C1AA-32D6-4A9A-8175-9591DC0E948E}.Release|Any CPU.Build.0 = Release|Any CPU
		{113A4AF8-E41F-45AB-BF3C-FF17A9E6BA77}.Debug|Any CPU.ActiveCfg = Debug|Any CPU
		{113A4AF8-E41F-45AB-BF3C-FF17A9E6BA77}.Debug|Any CPU.Build.0 = Debug|Any CPU
		{113A4AF8-E41F-45AB-BF3C-FF17A9E6BA77}.Release|Any CPU.ActiveCfg = Release|Any CPU
		{113A4AF8-E41F-45AB-BF3C-FF17A9E6BA77}.Release|Any CPU.Build.0 = Release|Any CPU
		{88E28F66-2C50-472F-931F-207024D123EB}.Debug|Any CPU.ActiveCfg = Debug|Any CPU
		{88E28F66-2C50-472F-931F-207024D123EB}.Debug|Any CPU.Build.0 = Debug|Any CPU
		{88E28F66-2C50-472F-931F-207024D123EB}.Release|Any CPU.ActiveCfg = Release|Any CPU
		{88E28F66-2C50-472F-931F-207024D123EB}.Release|Any CPU.Build.0 = Release|Any CPU
	EndGlobalSection
	GlobalSection(SolutionProperties) = preSolution
		HideSolutionNode = FALSE
	EndGlobalSection
EndGlobal
